// !$*UTF8*$!
{
	archiveVersion = 1;
	classes = {
	};
	objectVersion = 56;
	objects = {

/* Begin PBXBuildFile section */
		050F50B82B2ADB2400A30DA6 /* ScanViewController.swift in Sources */ = {isa = PBXBuildFile; fileRef = 050F50B72B2ADB2400A30DA6 /* ScanViewController.swift */; };
		050F50BA2B31161500A30DA6 /* BluetoothManager.swift in Sources */ = {isa = PBXBuildFile; fileRef = 050F50B92B31161500A30DA6 /* BluetoothManager.swift */; };
		050F50BC2B312D6C00A30DA6 /* BLEDataConverter.swift in Sources */ = {isa = PBXBuildFile; fileRef = 050F50BB2B312D6C00A30DA6 /* BLEDataConverter.swift */; };
		052FBFCA2A90FD6D00470B21 /* Realm in Frameworks */ = {isa = PBXBuildFile; productRef = 052FBFC92A90FD6D00470B21 /* Realm */; };
		052FBFCC2A90FD6D00470B21 /* RealmSwift in Frameworks */ = {isa = PBXBuildFile; productRef = 052FBFCB2A90FD6D00470B21 /* RealmSwift */; };
		052FBFCE2A91071D00470B21 /* TemperatureInformation.swift in Sources */ = {isa = PBXBuildFile; fileRef = 052FBFCD2A91071D00470B21 /* TemperatureInformation.swift */; };
		052FBFD22A948B5500470B21 /* TempInfoViewController.swift in Sources */ = {isa = PBXBuildFile; fileRef = 052FBFD12A948B5500470B21 /* TempInfoViewController.swift */; };
		052FBFE52A979A3500470B21 /* DGCharts in Frameworks */ = {isa = PBXBuildFile; productRef = 052FBFE42A979A3500470B21 /* DGCharts */; };
		055619572B29711A0057CFF6 /* MultiConnectViewController.swift in Sources */ = {isa = PBXBuildFile; fileRef = 055619562B29711A0057CFF6 /* MultiConnectViewController.swift */; };
		055619592B2996D60057CFF6 /* RootViewController.swift in Sources */ = {isa = PBXBuildFile; fileRef = 055619582B2996D60057CFF6 /* RootViewController.swift */; };
		05F8764B2A78D1240059C356 /* AppDelegate.swift in Sources */ = {isa = PBXBuildFile; fileRef = 05F8764A2A78D1240059C356 /* AppDelegate.swift */; };
		05F8764D2A78D1240059C356 /* SceneDelegate.swift in Sources */ = {isa = PBXBuildFile; fileRef = 05F8764C2A78D1240059C356 /* SceneDelegate.swift */; };
		05F8764F2A78D1240059C356 /* SingleConnectViewController.swift in Sources */ = {isa = PBXBuildFile; fileRef = 05F8764E2A78D1240059C356 /* SingleConnectViewController.swift */; };
		05F876522A78D1240059C356 /* Main.storyboard in Resources */ = {isa = PBXBuildFile; fileRef = 05F876502A78D1240059C356 /* Main.storyboard */; };
		05F876542A78D1250059C356 /* Assets.xcassets in Resources */ = {isa = PBXBuildFile; fileRef = 05F876532A78D1250059C356 /* Assets.xcassets */; };
		05F876572A78D1250059C356 /* LaunchScreen.storyboard in Resources */ = {isa = PBXBuildFile; fileRef = 05F876552A78D1250059C356 /* LaunchScreen.storyboard */; };
/* End PBXBuildFile section */

/* Begin PBXFileReference section */
		050F50B72B2ADB2400A30DA6 /* ScanViewController.swift */ = {isa = PBXFileReference; lastKnownFileType = sourcecode.swift; path = ScanViewController.swift; sourceTree = "<group>"; };
		050F50B92B31161500A30DA6 /* BluetoothManager.swift */ = {isa = PBXFileReference; lastKnownFileType = sourcecode.swift; path = BluetoothManager.swift; sourceTree = "<group>"; };
		050F50BB2B312D6C00A30DA6 /* BLEDataConverter.swift */ = {isa = PBXFileReference; lastKnownFileType = sourcecode.swift; path = BLEDataConverter.swift; sourceTree = "<group>"; };
		052FBFCD2A91071D00470B21 /* TemperatureInformation.swift */ = {isa = PBXFileReference; lastKnownFileType = sourcecode.swift; path = TemperatureInformation.swift; sourceTree = "<group>"; };
		052FBFD12A948B5500470B21 /* TempInfoViewController.swift */ = {isa = PBXFileReference; lastKnownFileType = sourcecode.swift; path = TempInfoViewController.swift; sourceTree = "<group>"; };
		055619562B29711A0057CFF6 /* MultiConnectViewController.swift */ = {isa = PBXFileReference; lastKnownFileType = sourcecode.swift; path = MultiConnectViewController.swift; sourceTree = "<group>"; };
		055619582B2996D60057CFF6 /* RootViewController.swift */ = {isa = PBXFileReference; lastKnownFileType = sourcecode.swift; path = RootViewController.swift; sourceTree = "<group>"; };
		05F876472A78D1240059C356 /* TS100BLEProject.app */ = {isa = PBXFileReference; explicitFileType = wrapper.application; includeInIndex = 0; path = TS100BLEProject.app; sourceTree = BUILT_PRODUCTS_DIR; };
		05F8764A2A78D1240059C356 /* AppDelegate.swift */ = {isa = PBXFileReference; lastKnownFileType = sourcecode.swift; path = AppDelegate.swift; sourceTree = "<group>"; };
		05F8764C2A78D1240059C356 /* SceneDelegate.swift */ = {isa = PBXFileReference; lastKnownFileType = sourcecode.swift; path = SceneDelegate.swift; sourceTree = "<group>"; };
		05F8764E2A78D1240059C356 /* SingleConnectViewController.swift */ = {isa = PBXFileReference; lastKnownFileType = sourcecode.swift; path = SingleConnectViewController.swift; sourceTree = "<group>"; };
		05F876512A78D1240059C356 /* Base */ = {isa = PBXFileReference; lastKnownFileType = file.storyboard; name = Base; path = Base.lproj/Main.storyboard; sourceTree = "<group>"; };
		05F876532A78D1250059C356 /* Assets.xcassets */ = {isa = PBXFileReference; lastKnownFileType = folder.assetcatalog; path = Assets.xcassets; sourceTree = "<group>"; };
		05F876562A78D1250059C356 /* Base */ = {isa = PBXFileReference; lastKnownFileType = file.storyboard; name = Base; path = Base.lproj/LaunchScreen.storyboard; sourceTree = "<group>"; };
		05F876582A78D1250059C356 /* Info.plist */ = {isa = PBXFileReference; lastKnownFileType = text.plist.xml; path = Info.plist; sourceTree = "<group>"; };
/* End PBXFileReference section */

/* Begin PBXFrameworksBuildPhase section */
		05F876442A78D1240059C356 /* Frameworks */ = {
			isa = PBXFrameworksBuildPhase;
			buildActionMask = 2147483647;
			files = (
				052FBFCC2A90FD6D00470B21 /* RealmSwift in Frameworks */,
				052FBFE52A979A3500470B21 /* DGCharts in Frameworks */,
				052FBFCA2A90FD6D00470B21 /* Realm in Frameworks */,
			);
			runOnlyForDeploymentPostprocessing = 0;
		};
/* End PBXFrameworksBuildPhase section */

/* Begin PBXGroup section */
		05F8763E2A78D1240059C356 = {
			isa = PBXGroup;
			children = (
				05F876492A78D1240059C356 /* TS100BLEProject */,
				05F876482A78D1240059C356 /* Products */,
			);
			sourceTree = "<group>";
		};
		05F876482A78D1240059C356 /* Products */ = {
			isa = PBXGroup;
			children = (
				05F876472A78D1240059C356 /* TS100BLEProject.app */,
			);
			name = Products;
			sourceTree = "<group>";
		};
		05F876492A78D1240059C356 /* TS100BLEProject */ = {
			isa = PBXGroup;
			children = (
				05F8764A2A78D1240059C356 /* AppDelegate.swift */,
				05F8764C2A78D1240059C356 /* SceneDelegate.swift */,
				05F8764E2A78D1240059C356 /* SingleConnectViewController.swift */,
				052FBFCD2A91071D00470B21 /* TemperatureInformation.swift */,
				052FBFD12A948B5500470B21 /* TempInfoViewController.swift */,
				05F876502A78D1240059C356 /* Main.storyboard */,
				050F50B72B2ADB2400A30DA6 /* ScanViewController.swift */,
				055619582B2996D60057CFF6 /* RootViewController.swift */,
				055619562B29711A0057CFF6 /* MultiConnectViewController.swift */,
				050F50B92B31161500A30DA6 /* BluetoothManager.swift */,
				050F50BB2B312D6C00A30DA6 /* BLEDataConverter.swift */,
				05F876532A78D1250059C356 /* Assets.xcassets */,
				05F876552A78D1250059C356 /* LaunchScreen.storyboard */,
				05F876582A78D1250059C356 /* Info.plist */,
			);
			path = TS100BLEProject;
			sourceTree = "<group>";
		};
/* End PBXGroup section */

/* Begin PBXNativeTarget section */
		05F876462A78D1240059C356 /* TS100BLEProject */ = {
			isa = PBXNativeTarget;
			buildConfigurationList = 05F8765B2A78D1250059C356 /* Build configuration list for PBXNativeTarget "TS100BLEProject" */;
			buildPhases = (
				05F876432A78D1240059C356 /* Sources */,
				05F876442A78D1240059C356 /* Frameworks */,
				05F876452A78D1240059C356 /* Resources */,
			);
			buildRules = (
			);
			dependencies = (
			);
			name = TS100BLEProject;
			packageProductDependencies = (
				052FBFC92A90FD6D00470B21 /* Realm */,
				052FBFCB2A90FD6D00470B21 /* RealmSwift */,
				052FBFE42A979A3500470B21 /* DGCharts */,
			);
			productName = TS100BLEProject;
			productReference = 05F876472A78D1240059C356 /* TS100BLEProject.app */;
			productType = "com.apple.product-type.application";
		};
/* End PBXNativeTarget section */

/* Begin PBXProject section */
		05F8763F2A78D1240059C356 /* Project object */ = {
			isa = PBXProject;
			attributes = {
				BuildIndependentTargetsInParallel = 1;
				LastSwiftUpdateCheck = 1430;
				LastUpgradeCheck = 1430;
				TargetAttributes = {
					05F876462A78D1240059C356 = {
						CreatedOnToolsVersion = 14.3.1;
					};
				};
			};
			buildConfigurationList = 05F876422A78D1240059C356 /* Build configuration list for PBXProject "TS100BLEProject" */;
			compatibilityVersion = "Xcode 14.0";
			developmentRegion = en;
			hasScannedForEncodings = 0;
			knownRegions = (
				en,
				Base,
			);
			mainGroup = 05F8763E2A78D1240059C356;
			packageReferences = (
				052FBFC82A90FD6D00470B21 /* XCRemoteSwiftPackageReference "realm-swift" */,
				052FBFE32A979A3500470B21 /* XCRemoteSwiftPackageReference "Charts" */,
			);
			productRefGroup = 05F876482A78D1240059C356 /* Products */;
			projectDirPath = "";
			projectRoot = "";
			targets = (
				05F876462A78D1240059C356 /* TS100BLEProject */,
			);
		};
/* End PBXProject section */

/* Begin PBXResourcesBuildPhase section */
		05F876452A78D1240059C356 /* Resources */ = {
			isa = PBXResourcesBuildPhase;
			buildActionMask = 2147483647;
			files = (
				05F876572A78D1250059C356 /* LaunchScreen.storyboard in Resources */,
				05F876542A78D1250059C356 /* Assets.xcassets in Resources */,
				05F876522A78D1240059C356 /* Main.storyboard in Resources */,
			);
			runOnlyForDeploymentPostprocessing = 0;
		};
/* End PBXResourcesBuildPhase section */

/* Begin PBXSourcesBuildPhase section */
		05F876432A78D1240059C356 /* Sources */ = {
			isa = PBXSourcesBuildPhase;
			buildActionMask = 2147483647;
			files = (
				050F50BC2B312D6C00A30DA6 /* BLEDataConverter.swift in Sources */,
				052FBFD22A948B5500470B21 /* TempInfoViewController.swift in Sources */,
				05F8764F2A78D1240059C356 /* SingleConnectViewController.swift in Sources */,
				05F8764B2A78D1240059C356 /* AppDelegate.swift in Sources */,
				055619592B2996D60057CFF6 /* RootViewController.swift in Sources */,
				05F8764D2A78D1240059C356 /* SceneDelegate.swift in Sources */,
				055619572B29711A0057CFF6 /* MultiConnectViewController.swift in Sources */,
				052FBFCE2A91071D00470B21 /* TemperatureInformation.swift in Sources */,
				050F50BA2B31161500A30DA6 /* BluetoothManager.swift in Sources */,
				050F50B82B2ADB2400A30DA6 /* ScanViewController.swift in Sources */,
			);
			runOnlyForDeploymentPostprocessing = 0;
		};
/* End PBXSourcesBuildPhase section */

/* Begin PBXVariantGroup section */
		05F876502A78D1240059C356 /* Main.storyboard */ = {
			isa = PBXVariantGroup;
			children = (
				05F876512A78D1240059C356 /* Base */,
			);
			name = Main.storyboard;
			sourceTree = "<group>";
		};
		05F876552A78D1250059C356 /* LaunchScreen.storyboard */ = {
			isa = PBXVariantGroup;
			children = (
				05F876562A78D1250059C356 /* Base */,
			);
			name = LaunchScreen.storyboard;
			sourceTree = "<group>";
		};
/* End PBXVariantGroup section */

/* Begin XCBuildConfiguration section */
		05F876592A78D1250059C356 /* Debug */ = {
			isa = XCBuildConfiguration;
			buildSettings = {
				ALWAYS_SEARCH_USER_PATHS = NO;
				CLANG_ANALYZER_NONNULL = YES;
				CLANG_ANALYZER_NUMBER_OBJECT_CONVERSION = YES_AGGRESSIVE;
				CLANG_CXX_LANGUAGE_STANDARD = "gnu++20";
				CLANG_ENABLE_MODULES = YES;
				CLANG_ENABLE_OBJC_ARC = YES;
				CLANG_ENABLE_OBJC_WEAK = YES;
				CLANG_WARN_BLOCK_CAPTURE_AUTORELEASING = YES;
				CLANG_WARN_BOOL_CONVERSION = YES;
				CLANG_WARN_COMMA = YES;
				CLANG_WARN_CONSTANT_CONVERSION = YES;
				CLANG_WARN_DEPRECATED_OBJC_IMPLEMENTATIONS = YES;
				CLANG_WARN_DIRECT_OBJC_ISA_USAGE = YES_ERROR;
				CLANG_WARN_DOCUMENTATION_COMMENTS = YES;
				CLANG_WARN_EMPTY_BODY = YES;
				CLANG_WARN_ENUM_CONVERSION = YES;
				CLANG_WARN_INFINITE_RECURSION = YES;
				CLANG_WARN_INT_CONVERSION = YES;
				CLANG_WARN_NON_LITERAL_NULL_CONVERSION = YES;
				CLANG_WARN_OBJC_IMPLICIT_RETAIN_SELF = YES;
				CLANG_WARN_OBJC_LITERAL_CONVERSION = YES;
				CLANG_WARN_OBJC_ROOT_CLASS = YES_ERROR;
				CLANG_WARN_QUOTED_INCLUDE_IN_FRAMEWORK_HEADER = YES;
				CLANG_WARN_RANGE_LOOP_ANALYSIS = YES;
				CLANG_WARN_STRICT_PROTOTYPES = YES;
				CLANG_WARN_SUSPICIOUS_MOVE = YES;
				CLANG_WARN_UNGUARDED_AVAILABILITY = YES_AGGRESSIVE;
				CLANG_WARN_UNREACHABLE_CODE = YES;
				CLANG_WARN__DUPLICATE_METHOD_MATCH = YES;
				COPY_PHASE_STRIP = NO;
				DEBUG_INFORMATION_FORMAT = dwarf;
				ENABLE_STRICT_OBJC_MSGSEND = YES;
				ENABLE_TESTABILITY = YES;
				GCC_C_LANGUAGE_STANDARD = gnu11;
				GCC_DYNAMIC_NO_PIC = NO;
				GCC_NO_COMMON_BLOCKS = YES;
				GCC_OPTIMIZATION_LEVEL = 0;
				GCC_PREPROCESSOR_DEFINITIONS = (
					"DEBUG=1",
					"$(inherited)",
				);
				GCC_WARN_64_TO_32_BIT_CONVERSION = YES;
				GCC_WARN_ABOUT_RETURN_TYPE = YES_ERROR;
				GCC_WARN_UNDECLARED_SELECTOR = YES;
				GCC_WARN_UNINITIALIZED_AUTOS = YES_AGGRESSIVE;
				GCC_WARN_UNUSED_FUNCTION = YES;
				GCC_WARN_UNUSED_VARIABLE = YES;
				IPHONEOS_DEPLOYMENT_TARGET = 16.4;
				MTL_ENABLE_DEBUG_INFO = INCLUDE_SOURCE;
				MTL_FAST_MATH = YES;
				ONLY_ACTIVE_ARCH = YES;
				SDKROOT = iphoneos;
				SWIFT_ACTIVE_COMPILATION_CONDITIONS = DEBUG;
				SWIFT_OPTIMIZATION_LEVEL = "-Onone";
			};
			name = Debug;
		};
		05F8765A2A78D1250059C356 /* Release */ = {
			isa = XCBuildConfiguration;
			buildSettings = {
				ALWAYS_SEARCH_USER_PATHS = NO;
				CLANG_ANALYZER_NONNULL = YES;
				CLANG_ANALYZER_NUMBER_OBJECT_CONVERSION = YES_AGGRESSIVE;
				CLANG_CXX_LANGUAGE_STANDARD = "gnu++20";
				CLANG_ENABLE_MODULES = YES;
				CLANG_ENABLE_OBJC_ARC = YES;
				CLANG_ENABLE_OBJC_WEAK = YES;
				CLANG_WARN_BLOCK_CAPTURE_AUTORELEASING = YES;
				CLANG_WARN_BOOL_CONVERSION = YES;
				CLANG_WARN_COMMA = YES;
				CLANG_WARN_CONSTANT_CONVERSION = YES;
				CLANG_WARN_DEPRECATED_OBJC_IMPLEMENTATIONS = YES;
				CLANG_WARN_DIRECT_OBJC_ISA_USAGE = YES_ERROR;
				CLANG_WARN_DOCUMENTATION_COMMENTS = YES;
				CLANG_WARN_EMPTY_BODY = YES;
				CLANG_WARN_ENUM_CONVERSION = YES;
				CLANG_WARN_INFINITE_RECURSION = YES;
				CLANG_WARN_INT_CONVERSION = YES;
				CLANG_WARN_NON_LITERAL_NULL_CONVERSION = YES;
				CLANG_WARN_OBJC_IMPLICIT_RETAIN_SELF = YES;
				CLANG_WARN_OBJC_LITERAL_CONVERSION = YES;
				CLANG_WARN_OBJC_ROOT_CLASS = YES_ERROR;
				CLANG_WARN_QUOTED_INCLUDE_IN_FRAMEWORK_HEADER = YES;
				CLANG_WARN_RANGE_LOOP_ANALYSIS = YES;
				CLANG_WARN_STRICT_PROTOTYPES = YES;
				CLANG_WARN_SUSPICIOUS_MOVE = YES;
				CLANG_WARN_UNGUARDED_AVAILABILITY = YES_AGGRESSIVE;
				CLANG_WARN_UNREACHABLE_CODE = YES;
				CLANG_WARN__DUPLICATE_METHOD_MATCH = YES;
				COPY_PHASE_STRIP = NO;
				DEBUG_INFORMATION_FORMAT = "dwarf-with-dsym";
				ENABLE_NS_ASSERTIONS = NO;
				ENABLE_STRICT_OBJC_MSGSEND = YES;
				GCC_C_LANGUAGE_STANDARD = gnu11;
				GCC_NO_COMMON_BLOCKS = YES;
				GCC_WARN_64_TO_32_BIT_CONVERSION = YES;
				GCC_WARN_ABOUT_RETURN_TYPE = YES_ERROR;
				GCC_WARN_UNDECLARED_SELECTOR = YES;
				GCC_WARN_UNINITIALIZED_AUTOS = YES_AGGRESSIVE;
				GCC_WARN_UNUSED_FUNCTION = YES;
				GCC_WARN_UNUSED_VARIABLE = YES;
				IPHONEOS_DEPLOYMENT_TARGET = 16.4;
				MTL_ENABLE_DEBUG_INFO = NO;
				MTL_FAST_MATH = YES;
				SDKROOT = iphoneos;
				SWIFT_COMPILATION_MODE = wholemodule;
				SWIFT_OPTIMIZATION_LEVEL = "-O";
				VALIDATE_PRODUCT = YES;
			};
			name = Release;
		};
		05F8765C2A78D1250059C356 /* Debug */ = {
			isa = XCBuildConfiguration;
			buildSettings = {
				ASSETCATALOG_COMPILER_APPICON_NAME = AppIcon;
				ASSETCATALOG_COMPILER_GLOBAL_ACCENT_COLOR_NAME = AccentColor;
				CODE_SIGN_STYLE = Automatic;
				CURRENT_PROJECT_VERSION = 1;
				DEVELOPMENT_TEAM = NX35HKK4DU;
				GENERATE_INFOPLIST_FILE = YES;
				INFOPLIST_FILE = TS100BLEProject/Info.plist;
				INFOPLIST_KEY_NSBluetoothAlwaysUsageDescription = "블루투스 관련 허용이 필요합니다.";
				INFOPLIST_KEY_NSBluetoothPeripheralUsageDescription = "";
				INFOPLIST_KEY_UIApplicationSupportsIndirectInputEvents = YES;
				INFOPLIST_KEY_UILaunchStoryboardName = LaunchScreen;
				INFOPLIST_KEY_UIMainStoryboardFile = Main;
				INFOPLIST_KEY_UISupportedInterfaceOrientations_iPad = "UIInterfaceOrientationPortrait UIInterfaceOrientationPortraitUpsideDown UIInterfaceOrientationLandscapeLeft UIInterfaceOrientationLandscapeRight";
				INFOPLIST_KEY_UISupportedInterfaceOrientations_iPhone = "UIInterfaceOrientationPortrait UIInterfaceOrientationLandscapeLeft UIInterfaceOrientationLandscapeRight";
				IPHONEOS_DEPLOYMENT_TARGET = 13.0;
				LD_RUNPATH_SEARCH_PATHS = (
					"$(inherited)",
					"@executable_path/Frameworks",
				);
				MARKETING_VERSION = 1.0;
				PRODUCT_BUNDLE_IDENTIFIER = com.lstgrp.TS100BLEProject;
				PRODUCT_NAME = "$(TARGET_NAME)";
				SWIFT_EMIT_LOC_STRINGS = YES;
				SWIFT_VERSION = 5.0;
				TARGETED_DEVICE_FAMILY = "1,2";
			};
			name = Debug;
		};
		05F8765D2A78D1250059C356 /* Release */ = {
			isa = XCBuildConfiguration;
			buildSettings = {
				ASSETCATALOG_COMPILER_APPICON_NAME = AppIcon;
				ASSETCATALOG_COMPILER_GLOBAL_ACCENT_COLOR_NAME = AccentColor;
				CODE_SIGN_STYLE = Automatic;
				CURRENT_PROJECT_VERSION = 1;
				DEVELOPMENT_TEAM = NX35HKK4DU;
				GENERATE_INFOPLIST_FILE = YES;
				INFOPLIST_FILE = TS100BLEProject/Info.plist;
				INFOPLIST_KEY_NSBluetoothAlwaysUsageDescription = "블루투스 관련 허용이 필요합니다.";
				INFOPLIST_KEY_NSBluetoothPeripheralUsageDescription = "";
				INFOPLIST_KEY_UIApplicationSupportsIndirectInputEvents = YES;
				INFOPLIST_KEY_UILaunchStoryboardName = LaunchScreen;
				INFOPLIST_KEY_UIMainStoryboardFile = Main;
				INFOPLIST_KEY_UISupportedInterfaceOrientations_iPad = "UIInterfaceOrientationPortrait UIInterfaceOrientationPortraitUpsideDown UIInterfaceOrientationLandscapeLeft UIInterfaceOrientationLandscapeRight";
				INFOPLIST_KEY_UISupportedInterfaceOrientations_iPhone = "UIInterfaceOrientationPortrait UIInterfaceOrientationLandscapeLeft UIInterfaceOrientationLandscapeRight";
				IPHONEOS_DEPLOYMENT_TARGET = 13.0;
				LD_RUNPATH_SEARCH_PATHS = (
					"$(inherited)",
					"@executable_path/Frameworks",
				);
				MARKETING_VERSION = 1.0;
				PRODUCT_BUNDLE_IDENTIFIER = com.lstgrp.TS100BLEProject;
				PRODUCT_NAME = "$(TARGET_NAME)";
				SWIFT_EMIT_LOC_STRINGS = YES;
				SWIFT_VERSION = 5.0;
				TARGETED_DEVICE_FAMILY = "1,2";
			};
			name = Release;
		};
/* End XCBuildConfiguration section */

/* Begin XCConfigurationList section */
		05F876422A78D1240059C356 /* Build configuration list for PBXProject "TS100BLEProject" */ = {
			isa = XCConfigurationList;
			buildConfigurations = (
				05F876592A78D1250059C356 /* Debug */,
				05F8765A2A78D1250059C356 /* Release */,
			);
			defaultConfigurationIsVisible = 0;
			defaultConfigurationName = Release;
		};
		05F8765B2A78D1250059C356 /* Build configuration list for PBXNativeTarget "TS100BLEProject" */ = {
			isa = XCConfigurationList;
			buildConfigurations = (
				05F8765C2A78D1250059C356 /* Debug */,
				05F8765D2A78D1250059C356 /* Release */,
			);
			defaultConfigurationIsVisible = 0;
			defaultConfigurationName = Release;
		};
/* End XCConfigurationList section */

/* Begin XCRemoteSwiftPackageReference section */
		052FBFC82A90FD6D00470B21 /* XCRemoteSwiftPackageReference "realm-swift" */ = {
			isa = XCRemoteSwiftPackageReference;
			repositoryURL = "https://github.com/realm/realm-swift.git";
			requirement = {
				kind = upToNextMajorVersion;
				minimumVersion = 10.42.0;
			};
		};
		052FBFE32A979A3500470B21 /* XCRemoteSwiftPackageReference "Charts" */ = {
			isa = XCRemoteSwiftPackageReference;
			repositoryURL = "https://github.com/danielgindi/Charts.git";
			requirement = {
				kind = upToNextMajorVersion;
				minimumVersion = 5.0.0;
			};
		};
/* End XCRemoteSwiftPackageReference section */

/* Begin XCSwiftPackageProductDependency section */
		052FBFC92A90FD6D00470B21 /* Realm */ = {
			isa = XCSwiftPackageProductDependency;
			package = 052FBFC82A90FD6D00470B21 /* XCRemoteSwiftPackageReference "realm-swift" */;
			productName = Realm;
		};
		052FBFCB2A90FD6D00470B21 /* RealmSwift */ = {
			isa = XCSwiftPackageProductDependency;
			package = 052FBFC82A90FD6D00470B21 /* XCRemoteSwiftPackageReference "realm-swift" */;
			productName = RealmSwift;
		};
		052FBFE42A979A3500470B21 /* DGCharts */ = {
			isa = XCSwiftPackageProductDependency;
			package = 052FBFE32A979A3500470B21 /* XCRemoteSwiftPackageReference "Charts" */;
			productName = DGCharts;
		};
/* End XCSwiftPackageProductDependency section */
	};
	rootObject = 05F8763F2A78D1240059C356 /* Project object */;
}
